inputSet:
  name: InputSetpLoCk
  tags: {}
  identifier: InputSetpLoCk
  orgIdentifier: Pipelines_NonK8s_Org_NG
  projectIdentifier: NGPipeAutoPipelineChainingInputSetTestAfRAJzB07i
  pipeline:
    identifier: reconcilePipelinewithInputSety2thN34E3N
    stages:
      - stage:
          identifier: s1
          type: Custom
          spec:
            execution:
              steps:
                - step:
                    identifier: ShellScript_1
                    type: ShellScript
                    timeout: 10s
          variables:
            - name: var1
              type: String
              value: Hello world